
Microsoft Visual Studio Solution File, Format Version 11.00
# Visual Studio 2010
Project("{FAE04EC0-301F-11D3-BF4B-00C04F79EFBC}") = "WEARVRDemo", "Assembly-CSharp.csproj", "{2D5CA03D-99F1-0B94-2CF0-1CF563BA7A34}"
EndProject
Project("{FAE04EC0-301F-11D3-BF4B-00C04F79EFBC}") = "WEARVRDemo", "Assembly-CSharp-Editor.csproj", "{D507144B-5CE0-27EC-7C06-466AD68A843B}"
EndProject
Global
	GlobalSection(SolutionConfigurationPlatforms) = preSolution
		Debug|Any CPU = Debug|Any CPU
		Release|Any CPU = Release|Any CPU
	EndGlobalSection
	GlobalSection(ProjectConfigurationPlatforms) = postSolution
		{2D5CA03D-99F1-0B94-2CF0-1CF563BA7A34}.Debug|Any CPU.ActiveCfg = Debug|Any CPU
		{2D5CA03D-99F1-0B94-2CF0-1CF563BA7A34}.Debug|Any CPU.Build.0 = Debug|Any CPU
		{2D5CA03D-99F1-0B94-2CF0-1CF563BA7A34}.Release|Any CPU.ActiveCfg = Release|Any CPU
		{2D5CA03D-99F1-0B94-2CF0-1CF563BA7A34}.Release|Any CPU.Build.0 = Release|Any CPU
		{D507144B-5CE0-27EC-7C06-466AD68A843B}.Debug|Any CPU.ActiveCfg = Debug|Any CPU
		{D507144B-5CE0-27EC-7C06-466AD68A843B}.Debug|Any CPU.Build.0 = Debug|Any CPU
		{D507144B-5CE0-27EC-7C06-466AD68A843B}.Release|Any CPU.ActiveCfg = Release|Any CPU
		{D507144B-5CE0-27EC-7C06-466AD68A843B}.Release|Any CPU.Build.0 = Release|Any CPU
	EndGlobalSection
	GlobalSection(SolutionProperties) = preSolution
		HideSolutionNode = FALSE
	EndGlobalSection
	GlobalSection(MonoDevelopProperties) = preSolution
		StartupItem = Assembly-CSharp.csproj
	EndGlobalSection
EndGlobal
